
Microsoft Visual Studio Solution File, Format Version 12.00
# Visual Studio Version 16
VisualStudioVersion = 16.0.29318.209
MinimumVisualStudioVersion = 10.0.40219.1
Project("{FAE04EC0-301F-11D3-BF4B-00C04F79EFBC}") = "GymManagementSystem", "GymManagementSystem\GymManagementSystem.csproj", "{B645FC53-8B52-4E46-B7CE-05BC25FD3616}"
EndProject
Global
	GlobalSection(SolutionConfigurationPlatforms) = preSolution
		Debug|Any CPU = Debug|Any CPU
		Release|Any CPU = Release|Any CPU
	EndGlobalSection
	GlobalSection(ProjectConfigurationPlatforms) = postSolution
		{B645FC53-8B52-4E46-B7CE-05BC25FD3616}.Debug|Any CPU.ActiveCfg = Debug|Any CPU
		{B645FC53-8B52-4E46-B7CE-05BC25FD3616}.Debug|Any CPU.Build.0 = Debug|Any CPU
		{B645FC53-8B52-4E46-B7CE-05BC25FD3616}.Release|Any CPU.ActiveCfg = Release|Any CPU
		{B645FC53-8B52-4E46-B7CE-05BC25FD3616}.Release|Any CPU.Build.0 = Release|Any CPU
	EndGlobalSection
	GlobalSection(SolutionProperties) = preSolution
		HideSolutionNode = FALSE
	EndGlobalSection
	GlobalSection(ExtensibilityGlobals) = postSolution
		SolutionGuid = {6961A2F8-D655-40CD-99A9-92BDA58199EE}
	EndGlobalSection
EndGlobal
